
Microsoft Visual Studio Solution File, Format Version 12.00
# Visual Studio 15
VisualStudioVersion = 15.0.27703.2000
MinimumVisualStudioVersion = 10.0.40219.1
Project("{FAE04EC0-301F-11D3-BF4B-00C04F79EFBC}") = "SubnauticaResearchRequirements", "SubnauticaResearchRequirements.csproj", "{C75D80BD-8340-4DC0-A779-591DA226C375}"
EndProject
Global
	GlobalSection(SolutionConfigurationPlatforms) = preSolution
		Debug|Any CPU = Debug|Any CPU
		Release|Any CPU = Release|Any CPU
	EndGlobalSection
	GlobalSection(ProjectConfigurationPlatforms) = postSolution
		{C75D80BD-8340-4DC0-A779-591DA226C375}.Debug|Any CPU.ActiveCfg = Debug|Any CPU
		{C75D80BD-8340-4DC0-A779-591DA226C375}.Debug|Any CPU.Build.0 = Debug|Any CPU
		{C75D80BD-8340-4DC0-A779-591DA226C375}.Release|Any CPU.ActiveCfg = Release|Any CPU
		{C75D80BD-8340-4DC0-A779-591DA226C375}.Release|Any CPU.Build.0 = Release|Any CPU
	EndGlobalSection
	GlobalSection(SolutionProperties) = preSolution
		HideSolutionNode = FALSE
	EndGlobalSection
	GlobalSection(ExtensibilityGlobals) = postSolution
		SolutionGuid = {7C572780-57E0-4E5B-955C-0E7CF3F9112B}
	EndGlobalSection
EndGlobal
